{
  "name": "swarm",
  "lockfileVersion": 3,
  "requires": true,
  "packages": {
    "": {
      "dependencies": {
        "numpy": "^0.0.1",
        "taichi": "^0.0.1"
      }
    },
    "node_modules/numpy": {
      "version": "0.0.1",
      "resolved": "https://registry.npmjs.org/numpy/-/numpy-0.0.1.tgz",
      "integrity": "sha512-HPoSFyRtH4dRUGjI6bzeVKgfOeNtIAWLvVWMqbaNGmWKE+npdnZ6L78TEJELgZBb+9XpL6r16vOz1jaQ7YVI7Q==",
      "license": "MIT"
    },
    "node_modules/taichi": {
      "version": "0.0.1",
      "resolved": "https://registry.npmjs.org/taichi/-/taichi-0.0.1.tgz",
      "integrity": "sha512-9Jpix7CVUnIUlyFBfOgQIh+uPHOsB72QeIwCccIyKlcGE5rNT1XWN5hd7f/F+CHcqYslV3RDm+EjeTE9Vq58Gg==",
      "license": "GPL v3",
      "engines": {
        "node": ">= 0.10.0"
      }
    }
  }
}
